
Microsoft Visual Studio Solution File, Format Version 12.00
# Visual Studio 2013
VisualStudioVersion = 12.0.31101.0
MinimumVisualStudioVersion = 10.0.40219.1
Project("{FAE04EC0-301F-11D3-BF4B-00C04F79EFBC}") = "Rin.Lang", "Rin.Lang\Rin.Lang.csproj", "{EB29A346-23F0-463F-8821-3F3EECAB0FA1}"
EndProject
Project("{FAE04EC0-301F-11D3-BF4B-00C04F79EFBC}") = "Rin.Launcher", "Rin.Launcher\Rin.Launcher.csproj", "{2CFD39C2-20CB-42F1-B54E-DCB90ACFCD71}"
EndProject
Project("{FAE04EC0-301F-11D3-BF4B-00C04F79EFBC}") = "Rin.Lang.Tests", "Rin.Lang.Tests\Rin.Lang.Tests.csproj", "{8B5EB7A7-C9D4-4429-8AFC-57D0BD16C0E7}"
EndProject
Global
	GlobalSection(SolutionConfigurationPlatforms) = preSolution
		Debug|Any CPU = Debug|Any CPU
		Release|Any CPU = Release|Any CPU
	EndGlobalSection
	GlobalSection(ProjectConfigurationPlatforms) = postSolution
		{EB29A346-23F0-463F-8821-3F3EECAB0FA1}.Debug|Any CPU.ActiveCfg = Debug|Any CPU
		{EB29A346-23F0-463F-8821-3F3EECAB0FA1}.Debug|Any CPU.Build.0 = Debug|Any CPU
		{EB29A346-23F0-463F-8821-3F3EECAB0FA1}.Release|Any CPU.ActiveCfg = Release|Any CPU
		{EB29A346-23F0-463F-8821-3F3EECAB0FA1}.Release|Any CPU.Build.0 = Release|Any CPU
		{2CFD39C2-20CB-42F1-B54E-DCB90ACFCD71}.Debug|Any CPU.ActiveCfg = Debug|Any CPU
		{2CFD39C2-20CB-42F1-B54E-DCB90ACFCD71}.Debug|Any CPU.Build.0 = Debug|Any CPU
		{2CFD39C2-20CB-42F1-B54E-DCB90ACFCD71}.Release|Any CPU.ActiveCfg = Release|Any CPU
		{2CFD39C2-20CB-42F1-B54E-DCB90ACFCD71}.Release|Any CPU.Build.0 = Release|Any CPU
		{8B5EB7A7-C9D4-4429-8AFC-57D0BD16C0E7}.Debug|Any CPU.ActiveCfg = Debug|Any CPU
		{8B5EB7A7-C9D4-4429-8AFC-57D0BD16C0E7}.Debug|Any CPU.Build.0 = Debug|Any CPU
		{8B5EB7A7-C9D4-4429-8AFC-57D0BD16C0E7}.Release|Any CPU.ActiveCfg = Release|Any CPU
		{8B5EB7A7-C9D4-4429-8AFC-57D0BD16C0E7}.Release|Any CPU.Build.0 = Release|Any CPU
	EndGlobalSection
	GlobalSection(SolutionProperties) = preSolution
		HideSolutionNode = FALSE
	EndGlobalSection
EndGlobal
